// !$*UTF8*$!
{
	archiveVersion = 1;
	classes = {
	};
	objectVersion = 50;
	objects = {

/* Begin PBXBuildFile section */
		FC26F496248EDDBC00283D50 /* notes.json in Resources */ = {isa = PBXBuildFile; fileRef = FC26F495248EDDBC00283D50 /* notes.json */; };
		FC2E1BE9248838FC0089F347 /* AppDelegate.m in Sources */ = {isa = PBXBuildFile; fileRef = FC2E1BE8248838FC0089F347 /* AppDelegate.m */; };
		FC2E1BEC248838FC0089F347 /* SceneDelegate.m in Sources */ = {isa = PBXBuildFile; fileRef = FC2E1BEB248838FC0089F347 /* SceneDelegate.m */; };
		FC2E1BEF248838FC0089F347 /* ViewController.m in Sources */ = {isa = PBXBuildFile; fileRef = FC2E1BEE248838FC0089F347 /* ViewController.m */; };
		FC2E1BF2248838FC0089F347 /* Main.storyboard in Resources */ = {isa = PBXBuildFile; fileRef = FC2E1BF0248838FC0089F347 /* Main.storyboard */; };
		FC2E1BF4248838FC0089F347 /* Assets.xcassets in Resources */ = {isa = PBXBuildFile; fileRef = FC2E1BF3248838FC0089F347 /* Assets.xcassets */; };
		FC2E1BF7248838FC0089F347 /* LaunchScreen.storyboard in Resources */ = {isa = PBXBuildFile; fileRef = FC2E1BF5248838FC0089F347 /* LaunchScreen.storyboard */; };
		FC2E1BFA248838FD0089F347 /* main.m in Sources */ = {isa = PBXBuildFile; fileRef = FC2E1BF9248838FD0089F347 /* main.m */; };
		FC31DDD22499D46700861E37 /* Repository.m in Sources */ = {isa = PBXBuildFile; fileRef = FC31DDD12499D46700861E37 /* Repository.m */; };
		FC31DDD52499DCD700861E37 /* JSONParser.m in Sources */ = {isa = PBXBuildFile; fileRef = FC31DDD42499DCD700861E37 /* JSONParser.m */; };
		FC758FE82489381F0050804C /* Note.m in Sources */ = {isa = PBXBuildFile; fileRef = FC758FE72489381F0050804C /* Note.m */; };
		FC758FEC248939AF0050804C /* NoteCategory.m in Sources */ = {isa = PBXBuildFile; fileRef = FC758FEB248939AF0050804C /* NoteCategory.m */; };
		FC9F32B2249A5AEA005C20A5 /* AlertController.m in Sources */ = {isa = PBXBuildFile; fileRef = FC9F32B1249A5AEA005C20A5 /* AlertController.m */; };
		FC9F32B7249A7748005C20A5 /* NSDate+MyFormats.m in Sources */ = {isa = PBXBuildFile; fileRef = FC9F32B6249A7748005C20A5 /* NSDate+MyFormats.m */; };
		FCF049BA24A14FC400DB4600 /* DownloadManager.m in Sources */ = {isa = PBXBuildFile; fileRef = FCF049B924A14FC400DB4600 /* DownloadManager.m */; };
		FCFF0DFA248C4C6200175862 /* NoteCell.m in Sources */ = {isa = PBXBuildFile; fileRef = FCFF0DF8248C4C6200175862 /* NoteCell.m */; };
		FCFF0DFB248C4C6200175862 /* NoteCell.xib in Resources */ = {isa = PBXBuildFile; fileRef = FCFF0DF9248C4C6200175862 /* NoteCell.xib */; };
/* End PBXBuildFile section */

/* Begin PBXFileReference section */
		FC26F495248EDDBC00283D50 /* notes.json */ = {isa = PBXFileReference; fileEncoding = 4; lastKnownFileType = text.json; name = notes.json; path = Resources/General/notes.json; sourceTree = SOURCE_ROOT; };
		FC2E1BE4248838FB0089F347 /* mynotesapp.app */ = {isa = PBXFileReference; explicitFileType = wrapper.application; includeInIndex = 0; path = mynotesapp.app; sourceTree = BUILT_PRODUCTS_DIR; };
		FC2E1BE7248838FC0089F347 /* AppDelegate.h */ = {isa = PBXFileReference; lastKnownFileType = sourcecode.c.h; path = AppDelegate.h; sourceTree = "<group>"; };
		FC2E1BE8248838FC0089F347 /* AppDelegate.m */ = {isa = PBXFileReference; lastKnownFileType = sourcecode.c.objc; path = AppDelegate.m; sourceTree = "<group>"; };
		FC2E1BEA248838FC0089F347 /* SceneDelegate.h */ = {isa = PBXFileReference; lastKnownFileType = sourcecode.c.h; path = SceneDelegate.h; sourceTree = "<group>"; };
		FC2E1BEB248838FC0089F347 /* SceneDelegate.m */ = {isa = PBXFileReference; lastKnownFileType = sourcecode.c.objc; path = SceneDelegate.m; sourceTree = "<group>"; };
		FC2E1BED248838FC0089F347 /* ViewController.h */ = {isa = PBXFileReference; lastKnownFileType = sourcecode.c.h; path = ViewController.h; sourceTree = "<group>"; };
		FC2E1BEE248838FC0089F347 /* ViewController.m */ = {isa = PBXFileReference; lastKnownFileType = sourcecode.c.objc; path = ViewController.m; sourceTree = "<group>"; };
		FC2E1BF1248838FC0089F347 /* Base */ = {isa = PBXFileReference; lastKnownFileType = file.storyboard; name = Base; path = Base.lproj/Main.storyboard; sourceTree = "<group>"; };
		FC2E1BF3248838FC0089F347 /* Assets.xcassets */ = {isa = PBXFileReference; lastKnownFileType = folder.assetcatalog; path = Assets.xcassets; sourceTree = "<group>"; };
		FC2E1BF6248838FC0089F347 /* Base */ = {isa = PBXFileReference; lastKnownFileType = file.storyboard; name = Base; path = Base.lproj/LaunchScreen.storyboard; sourceTree = "<group>"; };
		FC2E1BF8248838FD0089F347 /* Info.plist */ = {isa = PBXFileReference; lastKnownFileType = text.plist.xml; path = Info.plist; sourceTree = "<group>"; };
		FC2E1BF9248838FD0089F347 /* main.m */ = {isa = PBXFileReference; lastKnownFileType = sourcecode.c.objc; path = main.m; sourceTree = "<group>"; };
		FC31DDD02499D45300861E37 /* Repository.h */ = {isa = PBXFileReference; lastKnownFileType = sourcecode.c.h; path = Repository.h; sourceTree = "<group>"; };
		FC31DDD12499D46700861E37 /* Repository.m */ = {isa = PBXFileReference; lastKnownFileType = sourcecode.c.objc; path = Repository.m; sourceTree = "<group>"; };
		FC31DDD32499DCBD00861E37 /* JSONParser.h */ = {isa = PBXFileReference; lastKnownFileType = sourcecode.c.h; path = JSONParser.h; sourceTree = "<group>"; };
		FC31DDD42499DCD700861E37 /* JSONParser.m */ = {isa = PBXFileReference; lastKnownFileType = sourcecode.c.objc; path = JSONParser.m; sourceTree = "<group>"; };
		FC758FE6248937A60050804C /* Note.h */ = {isa = PBXFileReference; lastKnownFileType = sourcecode.c.h; path = Note.h; sourceTree = "<group>"; };
		FC758FE72489381F0050804C /* Note.m */ = {isa = PBXFileReference; lastKnownFileType = sourcecode.c.objc; path = Note.m; sourceTree = "<group>"; };
		FC758FEA2489399C0050804C /* NoteCategory.h */ = {isa = PBXFileReference; lastKnownFileType = sourcecode.c.h; path = NoteCategory.h; sourceTree = "<group>"; };
		FC758FEB248939AF0050804C /* NoteCategory.m */ = {isa = PBXFileReference; lastKnownFileType = sourcecode.c.objc; path = NoteCategory.m; sourceTree = "<group>"; };
		FC9F32B0249A5AD7005C20A5 /* AlertController.h */ = {isa = PBXFileReference; lastKnownFileType = sourcecode.c.h; path = AlertController.h; sourceTree = "<group>"; };
		FC9F32B1249A5AEA005C20A5 /* AlertController.m */ = {isa = PBXFileReference; lastKnownFileType = sourcecode.c.objc; path = AlertController.m; sourceTree = "<group>"; };
		FC9F32B5249A7733005C20A5 /* NSDate+MyFormats.h */ = {isa = PBXFileReference; lastKnownFileType = sourcecode.c.h; path = "NSDate+MyFormats.h"; sourceTree = "<group>"; };
		FC9F32B6249A7748005C20A5 /* NSDate+MyFormats.m */ = {isa = PBXFileReference; lastKnownFileType = sourcecode.c.objc; path = "NSDate+MyFormats.m"; sourceTree = "<group>"; };
		FCF049B824A14F3E00DB4600 /* DownloadManager.h */ = {isa = PBXFileReference; lastKnownFileType = sourcecode.c.h; path = DownloadManager.h; sourceTree = "<group>"; };
		FCF049B924A14FC400DB4600 /* DownloadManager.m */ = {isa = PBXFileReference; lastKnownFileType = sourcecode.c.objc; path = DownloadManager.m; sourceTree = "<group>"; };
		FCFF0DF7248C4C6200175862 /* NoteCell.h */ = {isa = PBXFileReference; lastKnownFileType = sourcecode.c.h; path = NoteCell.h; sourceTree = "<group>"; };
		FCFF0DF8248C4C6200175862 /* NoteCell.m */ = {isa = PBXFileReference; lastKnownFileType = sourcecode.c.objc; path = NoteCell.m; sourceTree = "<group>"; };
		FCFF0DF9248C4C6200175862 /* NoteCell.xib */ = {isa = PBXFileReference; lastKnownFileType = file.xib; path = NoteCell.xib; sourceTree = "<group>"; };
/* End PBXFileReference section */

/* Begin PBXFrameworksBuildPhase section */
		FC2E1BE1248838FB0089F347 /* Frameworks */ = {
			isa = PBXFrameworksBuildPhase;
			buildActionMask = 2147483647;
			files = (
			);
			runOnlyForDeploymentPostprocessing = 0;
		};
/* End PBXFrameworksBuildPhase section */

/* Begin PBXGroup section */
		FC2E1BDB248838FB0089F347 = {
			isa = PBXGroup;
			children = (
				FC2E1BE6248838FB0089F347 /* mynotesapp */,
				FC2E1BE5248838FB0089F347 /* Products */,
			);
			sourceTree = "<group>";
		};
		FC2E1BE5248838FB0089F347 /* Products */ = {
			isa = PBXGroup;
			children = (
				FC2E1BE4248838FB0089F347 /* mynotesapp.app */,
			);
			name = Products;
			sourceTree = "<group>";
		};
		FC2E1BE6248838FB0089F347 /* mynotesapp */ = {
			isa = PBXGroup;
			children = (
				FC5D2180249934C7001F970A /* Controllers */,
				FC26F495248EDDBC00283D50 /* notes.json */,
				FC5D217F249934B9001F970A /* View */,
				FC758FE5248937800050804C /* Models */,
				FC2E1BE7248838FC0089F347 /* AppDelegate.h */,
				FC2E1BEA248838FC0089F347 /* SceneDelegate.h */,
				FC2E1BE8248838FC0089F347 /* AppDelegate.m */,
				FC2E1BEB248838FC0089F347 /* SceneDelegate.m */,
				FC2E1BF0248838FC0089F347 /* Main.storyboard */,
				FC2E1BF3248838FC0089F347 /* Assets.xcassets */,
				FC2E1BF5248838FC0089F347 /* LaunchScreen.storyboard */,
				FC2E1BF8248838FD0089F347 /* Info.plist */,
				FC2E1BF9248838FD0089F347 /* main.m */,
			);
			path = mynotesapp;
			sourceTree = "<group>";
		};
		FC5D217F249934B9001F970A /* View */ = {
			isa = PBXGroup;
			children = (
				FCFF0DF7248C4C6200175862 /* NoteCell.h */,
				FCFF0DF8248C4C6200175862 /* NoteCell.m */,
				FCFF0DF9248C4C6200175862 /* NoteCell.xib */,
			);
			path = View;
			sourceTree = "<group>";
		};
		FC5D2180249934C7001F970A /* Controllers */ = {
			isa = PBXGroup;
			children = (
				FC2E1BED248838FC0089F347 /* ViewController.h */,
				FC2E1BEE248838FC0089F347 /* ViewController.m */,
				FC9F32B0249A5AD7005C20A5 /* AlertController.h */,
				FC9F32B1249A5AEA005C20A5 /* AlertController.m */,
			);
			path = Controllers;
			sourceTree = "<group>";
		};
		FC758FE5248937800050804C /* Models */ = {
			isa = PBXGroup;
			children = (
				FC758FE6248937A60050804C /* Note.h */,
				FC758FE72489381F0050804C /* Note.m */,
				FC758FEA2489399C0050804C /* NoteCategory.h */,
				FC758FEB248939AF0050804C /* NoteCategory.m */,
				FC31DDD02499D45300861E37 /* Repository.h */,
				FC31DDD12499D46700861E37 /* Repository.m */,
				FC31DDD32499DCBD00861E37 /* JSONParser.h */,
				FC31DDD42499DCD700861E37 /* JSONParser.m */,
				FC9F32B5249A7733005C20A5 /* NSDate+MyFormats.h */,
				FC9F32B6249A7748005C20A5 /* NSDate+MyFormats.m */,
				FCF049B824A14F3E00DB4600 /* DownloadManager.h */,
				FCF049B924A14FC400DB4600 /* DownloadManager.m */,
			);
			path = Models;
			sourceTree = "<group>";
		};
/* End PBXGroup section */

/* Begin PBXNativeTarget section */
		FC2E1BE3248838FB0089F347 /* mynotesapp */ = {
			isa = PBXNativeTarget;
			buildConfigurationList = FC2E1BFD248838FD0089F347 /* Build configuration list for PBXNativeTarget "mynotesapp" */;
			buildPhases = (
				FC2E1BE0248838FB0089F347 /* Sources */,
				FC2E1BE1248838FB0089F347 /* Frameworks */,
				FC2E1BE2248838FB0089F347 /* Resources */,
			);
			buildRules = (
			);
			dependencies = (
			);
			name = mynotesapp;
			productName = mynotesapp;
			productReference = FC2E1BE4248838FB0089F347 /* mynotesapp.app */;
			productType = "com.apple.product-type.application";
		};
/* End PBXNativeTarget section */

/* Begin PBXProject section */
		FC2E1BDC248838FB0089F347 /* Project object */ = {
			isa = PBXProject;
			attributes = {
				LastUpgradeCheck = 1150;
				ORGANIZATIONNAME = "Facundo Almeida";
				TargetAttributes = {
					FC2E1BE3248838FB0089F347 = {
						CreatedOnToolsVersion = 11.5;
					};
				};
			};
			buildConfigurationList = FC2E1BDF248838FB0089F347 /* Build configuration list for PBXProject "mynotesapp" */;
			compatibilityVersion = "Xcode 9.3";
			developmentRegion = en;
			hasScannedForEncodings = 0;
			knownRegions = (
				en,
				Base,
			);
			mainGroup = FC2E1BDB248838FB0089F347;
			productRefGroup = FC2E1BE5248838FB0089F347 /* Products */;
			projectDirPath = "";
			projectRoot = "";
			targets = (
				FC2E1BE3248838FB0089F347 /* mynotesapp */,
			);
		};
/* End PBXProject section */

/* Begin PBXResourcesBuildPhase section */
		FC2E1BE2248838FB0089F347 /* Resources */ = {
			isa = PBXResourcesBuildPhase;
			buildActionMask = 2147483647;
			files = (
				FC2E1BF7248838FC0089F347 /* LaunchScreen.storyboard in Resources */,
				FC26F496248EDDBC00283D50 /* notes.json in Resources */,
				FCFF0DFB248C4C6200175862 /* NoteCell.xib in Resources */,
				FC2E1BF4248838FC0089F347 /* Assets.xcassets in Resources */,
				FC2E1BF2248838FC0089F347 /* Main.storyboard in Resources */,
			);
			runOnlyForDeploymentPostprocessing = 0;
		};
/* End PBXResourcesBuildPhase section */

/* Begin PBXSourcesBuildPhase section */
		FC2E1BE0248838FB0089F347 /* Sources */ = {
			isa = PBXSourcesBuildPhase;
			buildActionMask = 2147483647;
			files = (
				FC758FE82489381F0050804C /* Note.m in Sources */,
				FC2E1BEF248838FC0089F347 /* ViewController.m in Sources */,
				FC2E1BE9248838FC0089F347 /* AppDelegate.m in Sources */,
				FC758FEC248939AF0050804C /* NoteCategory.m in Sources */,
				FC9F32B2249A5AEA005C20A5 /* AlertController.m in Sources */,
				FC2E1BFA248838FD0089F347 /* main.m in Sources */,
				FC31DDD52499DCD700861E37 /* JSONParser.m in Sources */,
				FC2E1BEC248838FC0089F347 /* SceneDelegate.m in Sources */,
				FC9F32B7249A7748005C20A5 /* NSDate+MyFormats.m in Sources */,
				FCF049BA24A14FC400DB4600 /* DownloadManager.m in Sources */,
				FCFF0DFA248C4C6200175862 /* NoteCell.m in Sources */,
				FC31DDD22499D46700861E37 /* Repository.m in Sources */,
			);
			runOnlyForDeploymentPostprocessing = 0;
		};
/* End PBXSourcesBuildPhase section */

/* Begin PBXVariantGroup section */
		FC2E1BF0248838FC0089F347 /* Main.storyboard */ = {
			isa = PBXVariantGroup;
			children = (
				FC2E1BF1248838FC0089F347 /* Base */,
			);
			name = Main.storyboard;
			sourceTree = "<group>";
		};
		FC2E1BF5248838FC0089F347 /* LaunchScreen.storyboard */ = {
			isa = PBXVariantGroup;
			children = (
				FC2E1BF6248838FC0089F347 /* Base */,
			);
			name = LaunchScreen.storyboard;
			sourceTree = "<group>";
		};
/* End PBXVariantGroup section */

/* Begin XCBuildConfiguration section */
		FC2E1BFB248838FD0089F347 /* Debug */ = {
			isa = XCBuildConfiguration;
			buildSettings = {
				ALWAYS_SEARCH_USER_PATHS = NO;
				CLANG_ANALYZER_NONNULL = YES;
				CLANG_ANALYZER_NUMBER_OBJECT_CONVERSION = YES_AGGRESSIVE;
				CLANG_CXX_LANGUAGE_STANDARD = "gnu++14";
				CLANG_CXX_LIBRARY = "libc++";
				CLANG_ENABLE_MODULES = YES;
				CLANG_ENABLE_OBJC_ARC = YES;
				CLANG_ENABLE_OBJC_WEAK = YES;
				CLANG_WARN_BLOCK_CAPTURE_AUTORELEASING = YES;
				CLANG_WARN_BOOL_CONVERSION = YES;
				CLANG_WARN_COMMA = YES;
				CLANG_WARN_CONSTANT_CONVERSION = YES;
				CLANG_WARN_DEPRECATED_OBJC_IMPLEMENTATIONS = YES;
				CLANG_WARN_DIRECT_OBJC_ISA_USAGE = YES_ERROR;
				CLANG_WARN_DOCUMENTATION_COMMENTS = YES;
				CLANG_WARN_EMPTY_BODY = YES;
				CLANG_WARN_ENUM_CONVERSION = YES;
				CLANG_WARN_INFINITE_RECURSION = YES;
				CLANG_WARN_INT_CONVERSION = YES;
				CLANG_WARN_NON_LITERAL_NULL_CONVERSION = YES;
				CLANG_WARN_OBJC_IMPLICIT_RETAIN_SELF = YES;
				CLANG_WARN_OBJC_LITERAL_CONVERSION = YES;
				CLANG_WARN_OBJC_ROOT_CLASS = YES_ERROR;
				CLANG_WARN_RANGE_LOOP_ANALYSIS = YES;
				CLANG_WARN_STRICT_PROTOTYPES = YES;
				CLANG_WARN_SUSPICIOUS_MOVE = YES;
				CLANG_WARN_UNGUARDED_AVAILABILITY = YES_AGGRESSIVE;
				CLANG_WARN_UNREACHABLE_CODE = YES;
				CLANG_WARN__DUPLICATE_METHOD_MATCH = YES;
				COPY_PHASE_STRIP = NO;
				DEBUG_INFORMATION_FORMAT = dwarf;
				ENABLE_STRICT_OBJC_MSGSEND = YES;
				ENABLE_TESTABILITY = YES;
				GCC_C_LANGUAGE_STANDARD = gnu11;
				GCC_DYNAMIC_NO_PIC = NO;
				GCC_NO_COMMON_BLOCKS = YES;
				GCC_OPTIMIZATION_LEVEL = 0;
				GCC_PREPROCESSOR_DEFINITIONS = (
					"DEBUG=1",
					"$(inherited)",
				);
				GCC_WARN_64_TO_32_BIT_CONVERSION = YES;
				GCC_WARN_ABOUT_RETURN_TYPE = YES_ERROR;
				GCC_WARN_UNDECLARED_SELECTOR = YES;
				GCC_WARN_UNINITIALIZED_AUTOS = YES_AGGRESSIVE;
				GCC_WARN_UNUSED_FUNCTION = YES;
				GCC_WARN_UNUSED_VARIABLE = YES;
				IPHONEOS_DEPLOYMENT_TARGET = 13.5;
				MTL_ENABLE_DEBUG_INFO = INCLUDE_SOURCE;
				MTL_FAST_MATH = YES;
				ONLY_ACTIVE_ARCH = YES;
				SDKROOT = iphoneos;
			};
			name = Debug;
		};
		FC2E1BFC248838FD0089F347 /* Release */ = {
			isa = XCBuildConfiguration;
			buildSettings = {
				ALWAYS_SEARCH_USER_PATHS = NO;
				CLANG_ANALYZER_NONNULL = YES;
				CLANG_ANALYZER_NUMBER_OBJECT_CONVERSION = YES_AGGRESSIVE;
				CLANG_CXX_LANGUAGE_STANDARD = "gnu++14";
				CLANG_CXX_LIBRARY = "libc++";
				CLANG_ENABLE_MODULES = YES;
				CLANG_ENABLE_OBJC_ARC = YES;
				CLANG_ENABLE_OBJC_WEAK = YES;
				CLANG_WARN_BLOCK_CAPTURE_AUTORELEASING = YES;
				CLANG_WARN_BOOL_CONVERSION = YES;
				CLANG_WARN_COMMA = YES;
				CLANG_WARN_CONSTANT_CONVERSION = YES;
				CLANG_WARN_DEPRECATED_OBJC_IMPLEMENTATIONS = YES;
				CLANG_WARN_DIRECT_OBJC_ISA_USAGE = YES_ERROR;
				CLANG_WARN_DOCUMENTATION_COMMENTS = YES;
				CLANG_WARN_EMPTY_BODY = YES;
				CLANG_WARN_ENUM_CONVERSION = YES;
				CLANG_WARN_INFINITE_RECURSION = YES;
				CLANG_WARN_INT_CONVERSION = YES;
				CLANG_WARN_NON_LITERAL_NULL_CONVERSION = YES;
				CLANG_WARN_OBJC_IMPLICIT_RETAIN_SELF = YES;
				CLANG_WARN_OBJC_LITERAL_CONVERSION = YES;
				CLANG_WARN_OBJC_ROOT_CLASS = YES_ERROR;
				CLANG_WARN_RANGE_LOOP_ANALYSIS = YES;
				CLANG_WARN_STRICT_PROTOTYPES = YES;
				CLANG_WARN_SUSPICIOUS_MOVE = YES;
				CLANG_WARN_UNGUARDED_AVAILABILITY = YES_AGGRESSIVE;
				CLANG_WARN_UNREACHABLE_CODE = YES;
				CLANG_WARN__DUPLICATE_METHOD_MATCH = YES;
				COPY_PHASE_STRIP = NO;
				DEBUG_INFORMATION_FORMAT = "dwarf-with-dsym";
				ENABLE_NS_ASSERTIONS = NO;
				ENABLE_STRICT_OBJC_MSGSEND = YES;
				GCC_C_LANGUAGE_STANDARD = gnu11;
				GCC_NO_COMMON_BLOCKS = YES;
				GCC_WARN_64_TO_32_BIT_CONVERSION = YES;
				GCC_WARN_ABOUT_RETURN_TYPE = YES_ERROR;
				GCC_WARN_UNDECLARED_SELECTOR = YES;
				GCC_WARN_UNINITIALIZED_AUTOS = YES_AGGRESSIVE;
				GCC_WARN_UNUSED_FUNCTION = YES;
				GCC_WARN_UNUSED_VARIABLE = YES;
				IPHONEOS_DEPLOYMENT_TARGET = 13.5;
				MTL_ENABLE_DEBUG_INFO = NO;
				MTL_FAST_MATH = YES;
				SDKROOT = iphoneos;
				VALIDATE_PRODUCT = YES;
			};
			name = Release;
		};
		FC2E1BFE248838FD0089F347 /* Debug */ = {
			isa = XCBuildConfiguration;
			buildSettings = {
				ASSETCATALOG_COMPILER_APPICON_NAME = AppIcon;
				CODE_SIGN_STYLE = Automatic;
				INFOPLIST_FILE = mynotesapp/Info.plist;
				LD_RUNPATH_SEARCH_PATHS = (
					"$(inherited)",
					"@executable_path/Frameworks",
				);
				PRODUCT_BUNDLE_IDENTIFIER = "falmeida-orangeloops.mynotesapp";
				PRODUCT_NAME = "$(TARGET_NAME)";
				TARGETED_DEVICE_FAMILY = "1,2";
			};
			name = Debug;
		};
		FC2E1BFF248838FD0089F347 /* Release */ = {
			isa = XCBuildConfiguration;
			buildSettings = {
				ASSETCATALOG_COMPILER_APPICON_NAME = AppIcon;
				CODE_SIGN_STYLE = Automatic;
				INFOPLIST_FILE = mynotesapp/Info.plist;
				LD_RUNPATH_SEARCH_PATHS = (
					"$(inherited)",
					"@executable_path/Frameworks",
				);
				PRODUCT_BUNDLE_IDENTIFIER = "falmeida-orangeloops.mynotesapp";
				PRODUCT_NAME = "$(TARGET_NAME)";
				TARGETED_DEVICE_FAMILY = "1,2";
			};
			name = Release;
		};
/* End XCBuildConfiguration section */

/* Begin XCConfigurationList section */
		FC2E1BDF248838FB0089F347 /* Build configuration list for PBXProject "mynotesapp" */ = {
			isa = XCConfigurationList;
			buildConfigurations = (
				FC2E1BFB248838FD0089F347 /* Debug */,
				FC2E1BFC248838FD0089F347 /* Release */,
			);
			defaultConfigurationIsVisible = 0;
			defaultConfigurationName = Release;
		};
		FC2E1BFD248838FD0089F347 /* Build configuration list for PBXNativeTarget "mynotesapp" */ = {
			isa = XCConfigurationList;
			buildConfigurations = (
				FC2E1BFE248838FD0089F347 /* Debug */,
				FC2E1BFF248838FD0089F347 /* Release */,
			);
			defaultConfigurationIsVisible = 0;
			defaultConfigurationName = Release;
		};
/* End XCConfigurationList section */
	};
	rootObject = FC2E1BDC248838FB0089F347 /* Project object */;
}
